
Microsoft Visual Studio Solution File, Format Version 12.00
# Visual Studio Version 17
VisualStudioVersion = 17.4.33110.190
MinimumVisualStudioVersion = 10.0.40219.1
Project("{FAE04EC0-301F-11D3-BF4B-00C04F79EFBC}") = "EvaluarExpresiones", "EvaluarExpresiones\EvaluarExpresiones.csproj", "{AEA000B9-EAF5-4D3F-A61B-7D102CA0DB01}"
EndProject
Global
	GlobalSection(SolutionConfigurationPlatforms) = preSolution
		Debug|Any CPU = Debug|Any CPU
		Release|Any CPU = Release|Any CPU
	EndGlobalSection
	GlobalSection(ProjectConfigurationPlatforms) = postSolution
		{AEA000B9-EAF5-4D3F-A61B-7D102CA0DB01}.Debug|Any CPU.ActiveCfg = Debug|Any CPU
		{AEA000B9-EAF5-4D3F-A61B-7D102CA0DB01}.Debug|Any CPU.Build.0 = Debug|Any CPU
		{AEA000B9-EAF5-4D3F-A61B-7D102CA0DB01}.Release|Any CPU.ActiveCfg = Release|Any CPU
		{AEA000B9-EAF5-4D3F-A61B-7D102CA0DB01}.Release|Any CPU.Build.0 = Release|Any CPU
	EndGlobalSection
	GlobalSection(SolutionProperties) = preSolution
		HideSolutionNode = FALSE
	EndGlobalSection
	GlobalSection(ExtensibilityGlobals) = postSolution
		SolutionGuid = {3C0EA20E-C46A-418D-960D-59FBD9E605A8}
	EndGlobalSection
EndGlobal
